
Microsoft Visual Studio Solution File, Format Version 12.00
# Visual Studio 14
VisualStudioVersion = 14.0.24720.0
MinimumVisualStudioVersion = 10.0.40219.1
Project("{FAE04EC0-301F-11D3-BF4B-00C04F79EFBC}") = "BERef", "BERef\BERef.csproj", "{3FD4E4B9-8161-45CC-B461-F1B79BE8D4A3}"
EndProject
Project("{FAE04EC0-301F-11D3-BF4B-00C04F79EFBC}") = "BibCrawler", "BibCrawler\BibCrawler.csproj", "{5B1BE485-CA99-493D-A8CB-B44A3976527D}"
EndProject
Project("{2150E333-8FDC-42A3-9474-1A3956D46DE8}") = "ScholarProvider", "ScholarProvider", "{A7A3DE65-A10A-4F35-9C69-4963BB60839D}"
EndProject
Project("{FAE04EC0-301F-11D3-BF4B-00C04F79EFBC}") = "BibCrawlerUnitTest", "BibCrawlerUnitTest\BibCrawlerUnitTest.csproj", "{D6E75C41-BAA9-4D09-9894-347DA6217521}"
EndProject
Project("{FAE04EC0-301F-11D3-BF4B-00C04F79EFBC}") = "BaiduScholarProvider", "BaiduScholarProvider\BaiduScholarProvider.csproj", "{94C06631-0237-4463-A4F9-E57A4FCEBC2D}"
EndProject
Project("{FAE04EC0-301F-11D3-BF4B-00C04F79EFBC}") = "GoogleScholarProvider", "GoogleScholarProvider\GoogleScholarProvider.csproj", "{73408782-2E1A-4E15-952F-DB7FE097DA93}"
EndProject
Project("{FAE04EC0-301F-11D3-BF4B-00C04F79EFBC}") = "BaiduScholarProviderUnitTest", "BaiduScholarProviderUnitTest\BaiduScholarProviderUnitTest.csproj", "{6BA6FD02-D490-4A1C-8273-A9F809E72E90}"
EndProject
Project("{FAE04EC0-301F-11D3-BF4B-00C04F79EFBC}") = "GoogleScholarProviderUnitTest", "GoogleScholarProviderUnitTest\GoogleScholarProviderUnitTest.csproj", "{8A547C11-2073-4568-B84E-D50F779CF424}"
EndProject
Project("{FAE04EC0-301F-11D3-BF4B-00C04F79EFBC}") = "ScholarProviderInterface", "ScholarProviderInterface\ScholarProviderInterface.csproj", "{8A1A1ADF-7A10-4C46-B72A-84C250563907}"
EndProject
Global
	GlobalSection(SolutionConfigurationPlatforms) = preSolution
		Debug|Any CPU = Debug|Any CPU
		Release|Any CPU = Release|Any CPU
	EndGlobalSection
	GlobalSection(ProjectConfigurationPlatforms) = postSolution
		{3FD4E4B9-8161-45CC-B461-F1B79BE8D4A3}.Debug|Any CPU.ActiveCfg = Debug|Any CPU
		{3FD4E4B9-8161-45CC-B461-F1B79BE8D4A3}.Debug|Any CPU.Build.0 = Debug|Any CPU
		{3FD4E4B9-8161-45CC-B461-F1B79BE8D4A3}.Release|Any CPU.ActiveCfg = Release|Any CPU
		{3FD4E4B9-8161-45CC-B461-F1B79BE8D4A3}.Release|Any CPU.Build.0 = Release|Any CPU
		{5B1BE485-CA99-493D-A8CB-B44A3976527D}.Debug|Any CPU.ActiveCfg = Debug|Any CPU
		{5B1BE485-CA99-493D-A8CB-B44A3976527D}.Debug|Any CPU.Build.0 = Debug|Any CPU
		{5B1BE485-CA99-493D-A8CB-B44A3976527D}.Release|Any CPU.ActiveCfg = Release|Any CPU
		{5B1BE485-CA99-493D-A8CB-B44A3976527D}.Release|Any CPU.Build.0 = Release|Any CPU
		{D6E75C41-BAA9-4D09-9894-347DA6217521}.Debug|Any CPU.ActiveCfg = Debug|Any CPU
		{D6E75C41-BAA9-4D09-9894-347DA6217521}.Debug|Any CPU.Build.0 = Debug|Any CPU
		{D6E75C41-BAA9-4D09-9894-347DA6217521}.Release|Any CPU.ActiveCfg = Release|Any CPU
		{D6E75C41-BAA9-4D09-9894-347DA6217521}.Release|Any CPU.Build.0 = Release|Any CPU
		{94C06631-0237-4463-A4F9-E57A4FCEBC2D}.Debug|Any CPU.ActiveCfg = Debug|Any CPU
		{94C06631-0237-4463-A4F9-E57A4FCEBC2D}.Debug|Any CPU.Build.0 = Debug|Any CPU
		{94C06631-0237-4463-A4F9-E57A4FCEBC2D}.Release|Any CPU.ActiveCfg = Release|Any CPU
		{94C06631-0237-4463-A4F9-E57A4FCEBC2D}.Release|Any CPU.Build.0 = Release|Any CPU
		{73408782-2E1A-4E15-952F-DB7FE097DA93}.Debug|Any CPU.ActiveCfg = Debug|Any CPU
		{73408782-2E1A-4E15-952F-DB7FE097DA93}.Debug|Any CPU.Build.0 = Debug|Any CPU
		{73408782-2E1A-4E15-952F-DB7FE097DA93}.Release|Any CPU.ActiveCfg = Release|Any CPU
		{73408782-2E1A-4E15-952F-DB7FE097DA93}.Release|Any CPU.Build.0 = Release|Any CPU
		{6BA6FD02-D490-4A1C-8273-A9F809E72E90}.Debug|Any CPU.ActiveCfg = Debug|Any CPU
		{6BA6FD02-D490-4A1C-8273-A9F809E72E90}.Debug|Any CPU.Build.0 = Debug|Any CPU
		{6BA6FD02-D490-4A1C-8273-A9F809E72E90}.Release|Any CPU.ActiveCfg = Release|Any CPU
		{6BA6FD02-D490-4A1C-8273-A9F809E72E90}.Release|Any CPU.Build.0 = Release|Any CPU
		{8A547C11-2073-4568-B84E-D50F779CF424}.Debug|Any CPU.ActiveCfg = Debug|Any CPU
		{8A547C11-2073-4568-B84E-D50F779CF424}.Debug|Any CPU.Build.0 = Debug|Any CPU
		{8A547C11-2073-4568-B84E-D50F779CF424}.Release|Any CPU.ActiveCfg = Release|Any CPU
		{8A547C11-2073-4568-B84E-D50F779CF424}.Release|Any CPU.Build.0 = Release|Any CPU
		{8A1A1ADF-7A10-4C46-B72A-84C250563907}.Debug|Any CPU.ActiveCfg = Debug|Any CPU
		{8A1A1ADF-7A10-4C46-B72A-84C250563907}.Debug|Any CPU.Build.0 = Debug|Any CPU
		{8A1A1ADF-7A10-4C46-B72A-84C250563907}.Release|Any CPU.ActiveCfg = Release|Any CPU
		{8A1A1ADF-7A10-4C46-B72A-84C250563907}.Release|Any CPU.Build.0 = Release|Any CPU
	EndGlobalSection
	GlobalSection(SolutionProperties) = preSolution
		HideSolutionNode = FALSE
	EndGlobalSection
	GlobalSection(NestedProjects) = preSolution
		{5B1BE485-CA99-493D-A8CB-B44A3976527D} = {A7A3DE65-A10A-4F35-9C69-4963BB60839D}
		{D6E75C41-BAA9-4D09-9894-347DA6217521} = {A7A3DE65-A10A-4F35-9C69-4963BB60839D}
		{94C06631-0237-4463-A4F9-E57A4FCEBC2D} = {A7A3DE65-A10A-4F35-9C69-4963BB60839D}
		{73408782-2E1A-4E15-952F-DB7FE097DA93} = {A7A3DE65-A10A-4F35-9C69-4963BB60839D}
		{6BA6FD02-D490-4A1C-8273-A9F809E72E90} = {A7A3DE65-A10A-4F35-9C69-4963BB60839D}
		{8A547C11-2073-4568-B84E-D50F779CF424} = {A7A3DE65-A10A-4F35-9C69-4963BB60839D}
		{8A1A1ADF-7A10-4C46-B72A-84C250563907} = {A7A3DE65-A10A-4F35-9C69-4963BB60839D}
	EndGlobalSection
EndGlobal
